
Microsoft Visual Studio Solution File, Format Version 12.00
# Visual Studio 15
VisualStudioVersion = 15.0.26730.16
MinimumVisualStudioVersion = 10.0.40219.1
Project("{FAE04EC0-301F-11D3-BF4B-00C04F79EFBC}") = "CourseInfo", "CourseInfo\CourseInfo.csproj", "{FDE84102-6293-4EA3-B4B6-DAEA7FB644BA}"
EndProject
Project("{FAE04EC0-301F-11D3-BF4B-00C04F79EFBC}") = "ClassLibrary", "ClassLibrary\ClassLibrary.csproj", "{407DBB3C-2A62-4EB0-AE0A-091BC3B997E3}"
EndProject
Global
	GlobalSection(SolutionConfigurationPlatforms) = preSolution
		Debug|Any CPU = Debug|Any CPU
		Release|Any CPU = Release|Any CPU
	EndGlobalSection
	GlobalSection(ProjectConfigurationPlatforms) = postSolution
		{FDE84102-6293-4EA3-B4B6-DAEA7FB644BA}.Debug|Any CPU.ActiveCfg = Debug|Any CPU
		{FDE84102-6293-4EA3-B4B6-DAEA7FB644BA}.Debug|Any CPU.Build.0 = Debug|Any CPU
		{FDE84102-6293-4EA3-B4B6-DAEA7FB644BA}.Release|Any CPU.ActiveCfg = Release|Any CPU
		{FDE84102-6293-4EA3-B4B6-DAEA7FB644BA}.Release|Any CPU.Build.0 = Release|Any CPU
		{407DBB3C-2A62-4EB0-AE0A-091BC3B997E3}.Debug|Any CPU.ActiveCfg = Debug|Any CPU
		{407DBB3C-2A62-4EB0-AE0A-091BC3B997E3}.Debug|Any CPU.Build.0 = Debug|Any CPU
		{407DBB3C-2A62-4EB0-AE0A-091BC3B997E3}.Release|Any CPU.ActiveCfg = Release|Any CPU
		{407DBB3C-2A62-4EB0-AE0A-091BC3B997E3}.Release|Any CPU.Build.0 = Release|Any CPU
	EndGlobalSection
	GlobalSection(SolutionProperties) = preSolution
		HideSolutionNode = FALSE
	EndGlobalSection
	GlobalSection(ExtensibilityGlobals) = postSolution
		VisualSVNWorkingCopyRoot = .
		SolutionGuid = {F0FF8E16-E24D-4954-9B41-760164007E6B}
	EndGlobalSection
EndGlobal
